
Microsoft Visual Studio Solution File, Format Version 12.00
# Visual Studio Version 16
VisualStudioVersion = 16.0.30011.22
MinimumVisualStudioVersion = 10.0.40219.1
Project("{FAE04EC0-301F-11D3-BF4B-00C04F79EFBC}") = "Sol_Demo", "Sol_Demo\Sol_Demo.csproj", "{EDD70F93-FB05-45A7-87D6-67A3234140D1}"
EndProject
Global
	GlobalSection(SolutionConfigurationPlatforms) = preSolution
		Debug|Any CPU = Debug|Any CPU
		Release|Any CPU = Release|Any CPU
	EndGlobalSection
	GlobalSection(ProjectConfigurationPlatforms) = postSolution
		{EDD70F93-FB05-45A7-87D6-67A3234140D1}.Debug|Any CPU.ActiveCfg = Debug|Any CPU
		{EDD70F93-FB05-45A7-87D6-67A3234140D1}.Debug|Any CPU.Build.0 = Debug|Any CPU
		{EDD70F93-FB05-45A7-87D6-67A3234140D1}.Release|Any CPU.ActiveCfg = Release|Any CPU
		{EDD70F93-FB05-45A7-87D6-67A3234140D1}.Release|Any CPU.Build.0 = Release|Any CPU
	EndGlobalSection
	GlobalSection(SolutionProperties) = preSolution
		HideSolutionNode = FALSE
	EndGlobalSection
	GlobalSection(ExtensibilityGlobals) = postSolution
		SolutionGuid = {924B803D-4D39-4AB9-B3BA-071403C7E27C}
	EndGlobalSection
EndGlobal
